
Microsoft Visual Studio Solution File, Format Version 12.00
# Visual Studio Version 17
VisualStudioVersion = 17.0.31903.59
MinimumVisualStudioVersion = 10.0.40219.1
Project("{FAE04EC0-301F-11D3-BF4B-00C04F79EFBC}") = "OfdrwNet.Core", "OfdrwNet.Core\OfdrwNet.Core.csproj", "{30EB12B5-7F01-4312-8264-F7C85E998A1F}"
EndProject
Project("{FAE04EC0-301F-11D3-BF4B-00C04F79EFBC}") = "OfdrwNet.Packaging", "OfdrwNet.Packaging\OfdrwNet.Packaging.csproj", "{EE5F6585-AF11-4014-971A-1F648438C5AC}"
EndProject
Project("{FAE04EC0-301F-11D3-BF4B-00C04F79EFBC}") = "OfdrwNet.Layout", "OfdrwNet.Layout\OfdrwNet.Layout.csproj", "{49946FDE-9F2E-4EE6-9784-0A344A0BF206}"
EndProject
Project("{FAE04EC0-301F-11D3-BF4B-00C04F79EFBC}") = "OfdrwNet.Reader", "OfdrwNet.Reader\OfdrwNet.Reader.csproj", "{DFB8AD78-BBCC-41E5-B415-A1B334D1E343}"
EndProject
Project("{FAE04EC0-301F-11D3-BF4B-00C04F79EFBC}") = "OfdrwNet.Font", "OfdrwNet.Font\OfdrwNet.Font.csproj", "{2484D869-D77A-4D03-9FBB-67F98ADD4717}"
EndProject
Project("{FAE04EC0-301F-11D3-BF4B-00C04F79EFBC}") = "OfdrwNet.Crypto", "OfdrwNet.Crypto\OfdrwNet.Crypto.csproj", "{1646B64F-2967-413F-A25C-C8FD293A8B01}"
EndProject
Project("{FAE04EC0-301F-11D3-BF4B-00C04F79EFBC}") = "OfdrwNet.Graphics", "OfdrwNet.Graphics\OfdrwNet.Graphics.csproj", "{AA65BDBE-4875-49F2-8CC8-28F6D3B1B00E}"
EndProject
Project("{FAE04EC0-301F-11D3-BF4B-00C04F79EFBC}") = "OfdrwNet.Converter", "OfdrwNet.Converter\OfdrwNet.Converter.csproj", "{858A4539-9AA5-442C-8B37-2CA9D55C1573}"
EndProject
Project("{FAE04EC0-301F-11D3-BF4B-00C04F79EFBC}") = "OfdrwNet.Tools", "OfdrwNet.Tools\OfdrwNet.Tools.csproj", "{1F0075C7-EBD9-4518-890E-16AE9D52C7D3}"
EndProject
Project("{FAE04EC0-301F-11D3-BF4B-00C04F79EFBC}") = "OfdrwNet.Sign", "OfdrwNet.Sign\OfdrwNet.Sign.csproj", "{4F145931-A608-404E-838B-A3A797EC8039}"
EndProject
Project("{FAE04EC0-301F-11D3-BF4B-00C04F79EFBC}") = "OfdrwNet.Tests", "OfdrwNet.Tests\OfdrwNet.Tests.csproj", "{2C2926E1-ADEB-4954-940D-2F4A57E11FAF}"
EndProject
Project("{FAE04EC0-301F-11D3-BF4B-00C04F79EFBC}") = "OfdrwNet.Examples", "OfdrwNet.Examples\OfdrwNet.Examples.csproj", "{FEAFE00B-6855-4CE1-80EE-D2B4D1631BE2}"
EndProject
Project("{FAE04EC0-301F-11D3-BF4B-00C04F79EFBC}") = "OfdrwNet.WinFormsDemo", "OfdrwNet.WinFormsDemo\OfdrwNet.WinFormsDemo.csproj", "{1CC1B9FB-34B8-45B0-94E5-40840C1A488C}"
EndProject
Global
	GlobalSection(SolutionConfigurationPlatforms) = preSolution
		Debug|Any CPU = Debug|Any CPU
		Debug|x64 = Debug|x64
		Debug|x86 = Debug|x86
		Release|Any CPU = Release|Any CPU
		Release|x64 = Release|x64
		Release|x86 = Release|x86
	EndGlobalSection
	GlobalSection(ProjectConfigurationPlatforms) = postSolution
		{30EB12B5-7F01-4312-8264-F7C85E998A1F}.Debug|Any CPU.ActiveCfg = Debug|Any CPU
		{30EB12B5-7F01-4312-8264-F7C85E998A1F}.Debug|Any CPU.Build.0 = Debug|Any CPU
		{30EB12B5-7F01-4312-8264-F7C85E998A1F}.Debug|x64.ActiveCfg = Debug|Any CPU
		{30EB12B5-7F01-4312-8264-F7C85E998A1F}.Debug|x64.Build.0 = Debug|Any CPU
		{30EB12B5-7F01-4312-8264-F7C85E998A1F}.Debug|x86.ActiveCfg = Debug|Any CPU
		{30EB12B5-7F01-4312-8264-F7C85E998A1F}.Debug|x86.Build.0 = Debug|Any CPU
		{30EB12B5-7F01-4312-8264-F7C85E998A1F}.Release|Any CPU.ActiveCfg = Release|Any CPU
		{30EB12B5-7F01-4312-8264-F7C85E998A1F}.Release|Any CPU.Build.0 = Release|Any CPU
		{30EB12B5-7F01-4312-8264-F7C85E998A1F}.Release|x64.ActiveCfg = Release|Any CPU
		{30EB12B5-7F01-4312-8264-F7C85E998A1F}.Release|x64.Build.0 = Release|Any CPU
		{30EB12B5-7F01-4312-8264-F7C85E998A1F}.Release|x86.ActiveCfg = Release|Any CPU
		{30EB12B5-7F01-4312-8264-F7C85E998A1F}.Release|x86.Build.0 = Release|Any CPU
		{EE5F6585-AF11-4014-971A-1F648438C5AC}.Debug|Any CPU.ActiveCfg = Debug|Any CPU
		{EE5F6585-AF11-4014-971A-1F648438C5AC}.Debug|Any CPU.Build.0 = Debug|Any CPU
		{EE5F6585-AF11-4014-971A-1F648438C5AC}.Debug|x64.ActiveCfg = Debug|Any CPU
		{EE5F6585-AF11-4014-971A-1F648438C5AC}.Debug|x64.Build.0 = Debug|Any CPU
		{EE5F6585-AF11-4014-971A-1F648438C5AC}.Debug|x86.ActiveCfg = Debug|Any CPU
		{EE5F6585-AF11-4014-971A-1F648438C5AC}.Debug|x86.Build.0 = Debug|Any CPU
		{EE5F6585-AF11-4014-971A-1F648438C5AC}.Release|Any CPU.ActiveCfg = Release|Any CPU
		{EE5F6585-AF11-4014-971A-1F648438C5AC}.Release|Any CPU.Build.0 = Release|Any CPU
		{EE5F6585-AF11-4014-971A-1F648438C5AC}.Release|x64.ActiveCfg = Release|Any CPU
		{EE5F6585-AF11-4014-971A-1F648438C5AC}.Release|x64.Build.0 = Release|Any CPU
		{EE5F6585-AF11-4014-971A-1F648438C5AC}.Release|x86.ActiveCfg = Release|Any CPU
		{EE5F6585-AF11-4014-971A-1F648438C5AC}.Release|x86.Build.0 = Release|Any CPU
		{49946FDE-9F2E-4EE6-9784-0A344A0BF206}.Debug|Any CPU.ActiveCfg = Debug|Any CPU
		{49946FDE-9F2E-4EE6-9784-0A344A0BF206}.Debug|Any CPU.Build.0 = Debug|Any CPU
		{49946FDE-9F2E-4EE6-9784-0A344A0BF206}.Debug|x64.ActiveCfg = Debug|Any CPU
		{49946FDE-9F2E-4EE6-9784-0A344A0BF206}.Debug|x64.Build.0 = Debug|Any CPU
		{49946FDE-9F2E-4EE6-9784-0A344A0BF206}.Debug|x86.ActiveCfg = Debug|Any CPU
		{49946FDE-9F2E-4EE6-9784-0A344A0BF206}.Debug|x86.Build.0 = Debug|Any CPU
		{49946FDE-9F2E-4EE6-9784-0A344A0BF206}.Release|Any CPU.ActiveCfg = Release|Any CPU
		{49946FDE-9F2E-4EE6-9784-0A344A0BF206}.Release|Any CPU.Build.0 = Release|Any CPU
		{49946FDE-9F2E-4EE6-9784-0A344A0BF206}.Release|x64.ActiveCfg = Release|Any CPU
		{49946FDE-9F2E-4EE6-9784-0A344A0BF206}.Release|x64.Build.0 = Release|Any CPU
		{49946FDE-9F2E-4EE6-9784-0A344A0BF206}.Release|x86.ActiveCfg = Release|Any CPU
		{49946FDE-9F2E-4EE6-9784-0A344A0BF206}.Release|x86.Build.0 = Release|Any CPU
		{DFB8AD78-BBCC-41E5-B415-A1B334D1E343}.Debug|Any CPU.ActiveCfg = Debug|Any CPU
		{DFB8AD78-BBCC-41E5-B415-A1B334D1E343}.Debug|Any CPU.Build.0 = Debug|Any CPU
		{DFB8AD78-BBCC-41E5-B415-A1B334D1E343}.Debug|x64.ActiveCfg = Debug|Any CPU
		{DFB8AD78-BBCC-41E5-B415-A1B334D1E343}.Debug|x64.Build.0 = Debug|Any CPU
		{DFB8AD78-BBCC-41E5-B415-A1B334D1E343}.Debug|x86.ActiveCfg = Debug|Any CPU
		{DFB8AD78-BBCC-41E5-B415-A1B334D1E343}.Debug|x86.Build.0 = Debug|Any CPU
		{DFB8AD78-BBCC-41E5-B415-A1B334D1E343}.Release|Any CPU.ActiveCfg = Release|Any CPU
		{DFB8AD78-BBCC-41E5-B415-A1B334D1E343}.Release|Any CPU.Build.0 = Release|Any CPU
		{DFB8AD78-BBCC-41E5-B415-A1B334D1E343}.Release|x64.ActiveCfg = Release|Any CPU
		{DFB8AD78-BBCC-41E5-B415-A1B334D1E343}.Release|x64.Build.0 = Release|Any CPU
		{DFB8AD78-BBCC-41E5-B415-A1B334D1E343}.Release|x86.ActiveCfg = Release|Any CPU
		{DFB8AD78-BBCC-41E5-B415-A1B334D1E343}.Release|x86.Build.0 = Release|Any CPU
		{2484D869-D77A-4D03-9FBB-67F98ADD4717}.Debug|Any CPU.ActiveCfg = Debug|Any CPU
		{2484D869-D77A-4D03-9FBB-67F98ADD4717}.Debug|Any CPU.Build.0 = Debug|Any CPU
		{2484D869-D77A-4D03-9FBB-67F98ADD4717}.Debug|x64.ActiveCfg = Debug|Any CPU
		{2484D869-D77A-4D03-9FBB-67F98ADD4717}.Debug|x64.Build.0 = Debug|Any CPU
		{2484D869-D77A-4D03-9FBB-67F98ADD4717}.Debug|x86.ActiveCfg = Debug|Any CPU
		{2484D869-D77A-4D03-9FBB-67F98ADD4717}.Debug|x86.Build.0 = Debug|Any CPU
		{2484D869-D77A-4D03-9FBB-67F98ADD4717}.Release|Any CPU.ActiveCfg = Release|Any CPU
		{2484D869-D77A-4D03-9FBB-67F98ADD4717}.Release|Any CPU.Build.0 = Release|Any CPU
		{2484D869-D77A-4D03-9FBB-67F98ADD4717}.Release|x64.ActiveCfg = Release|Any CPU
		{2484D869-D77A-4D03-9FBB-67F98ADD4717}.Release|x64.Build.0 = Release|Any CPU
		{2484D869-D77A-4D03-9FBB-67F98ADD4717}.Release|x86.ActiveCfg = Release|Any CPU
		{2484D869-D77A-4D03-9FBB-67F98ADD4717}.Release|x86.Build.0 = Release|Any CPU
		{1646B64F-2967-413F-A25C-C8FD293A8B01}.Debug|Any CPU.ActiveCfg = Debug|Any CPU
		{1646B64F-2967-413F-A25C-C8FD293A8B01}.Debug|Any CPU.Build.0 = Debug|Any CPU
		{1646B64F-2967-413F-A25C-C8FD293A8B01}.Debug|x64.ActiveCfg = Debug|Any CPU
		{1646B64F-2967-413F-A25C-C8FD293A8B01}.Debug|x64.Build.0 = Debug|Any CPU
		{1646B64F-2967-413F-A25C-C8FD293A8B01}.Debug|x86.ActiveCfg = Debug|Any CPU
		{1646B64F-2967-413F-A25C-C8FD293A8B01}.Debug|x86.Build.0 = Debug|Any CPU
		{1646B64F-2967-413F-A25C-C8FD293A8B01}.Release|Any CPU.ActiveCfg = Release|Any CPU
		{1646B64F-2967-413F-A25C-C8FD293A8B01}.Release|Any CPU.Build.0 = Release|Any CPU
		{1646B64F-2967-413F-A25C-C8FD293A8B01}.Release|x64.ActiveCfg = Release|Any CPU
		{1646B64F-2967-413F-A25C-C8FD293A8B01}.Release|x64.Build.0 = Release|Any CPU
		{1646B64F-2967-413F-A25C-C8FD293A8B01}.Release|x86.ActiveCfg = Release|Any CPU
		{1646B64F-2967-413F-A25C-C8FD293A8B01}.Release|x86.Build.0 = Release|Any CPU
		{AA65BDBE-4875-49F2-8CC8-28F6D3B1B00E}.Debug|Any CPU.ActiveCfg = Debug|Any CPU
		{AA65BDBE-4875-49F2-8CC8-28F6D3B1B00E}.Debug|Any CPU.Build.0 = Debug|Any CPU
		{AA65BDBE-4875-49F2-8CC8-28F6D3B1B00E}.Debug|x64.ActiveCfg = Debug|Any CPU
		{AA65BDBE-4875-49F2-8CC8-28F6D3B1B00E}.Debug|x64.Build.0 = Debug|Any CPU
		{AA65BDBE-4875-49F2-8CC8-28F6D3B1B00E}.Debug|x86.ActiveCfg = Debug|Any CPU
		{AA65BDBE-4875-49F2-8CC8-28F6D3B1B00E}.Debug|x86.Build.0 = Debug|Any CPU
		{AA65BDBE-4875-49F2-8CC8-28F6D3B1B00E}.Release|Any CPU.ActiveCfg = Release|Any CPU
		{AA65BDBE-4875-49F2-8CC8-28F6D3B1B00E}.Release|Any CPU.Build.0 = Release|Any CPU
		{AA65BDBE-4875-49F2-8CC8-28F6D3B1B00E}.Release|x64.ActiveCfg = Release|Any CPU
		{AA65BDBE-4875-49F2-8CC8-28F6D3B1B00E}.Release|x64.Build.0 = Release|Any CPU
		{AA65BDBE-4875-49F2-8CC8-28F6D3B1B00E}.Release|x86.ActiveCfg = Release|Any CPU
		{AA65BDBE-4875-49F2-8CC8-28F6D3B1B00E}.Release|x86.Build.0 = Release|Any CPU
		{858A4539-9AA5-442C-8B37-2CA9D55C1573}.Debug|Any CPU.ActiveCfg = Debug|Any CPU
		{858A4539-9AA5-442C-8B37-2CA9D55C1573}.Debug|Any CPU.Build.0 = Debug|Any CPU
		{858A4539-9AA5-442C-8B37-2CA9D55C1573}.Debug|x64.ActiveCfg = Debug|Any CPU
		{858A4539-9AA5-442C-8B37-2CA9D55C1573}.Debug|x64.Build.0 = Debug|Any CPU
		{858A4539-9AA5-442C-8B37-2CA9D55C1573}.Debug|x86.ActiveCfg = Debug|Any CPU
		{858A4539-9AA5-442C-8B37-2CA9D55C1573}.Debug|x86.Build.0 = Debug|Any CPU
		{858A4539-9AA5-442C-8B37-2CA9D55C1573}.Release|Any CPU.ActiveCfg = Release|Any CPU
		{858A4539-9AA5-442C-8B37-2CA9D55C1573}.Release|Any CPU.Build.0 = Release|Any CPU
		{858A4539-9AA5-442C-8B37-2CA9D55C1573}.Release|x64.ActiveCfg = Release|Any CPU
		{858A4539-9AA5-442C-8B37-2CA9D55C1573}.Release|x64.Build.0 = Release|Any CPU
		{858A4539-9AA5-442C-8B37-2CA9D55C1573}.Release|x86.ActiveCfg = Release|Any CPU
		{858A4539-9AA5-442C-8B37-2CA9D55C1573}.Release|x86.Build.0 = Release|Any CPU
		{1F0075C7-EBD9-4518-890E-16AE9D52C7D3}.Debug|Any CPU.ActiveCfg = Debug|Any CPU
		{1F0075C7-EBD9-4518-890E-16AE9D52C7D3}.Debug|Any CPU.Build.0 = Debug|Any CPU
		{1F0075C7-EBD9-4518-890E-16AE9D52C7D3}.Debug|x64.ActiveCfg = Debug|Any CPU
		{1F0075C7-EBD9-4518-890E-16AE9D52C7D3}.Debug|x64.Build.0 = Debug|Any CPU
		{1F0075C7-EBD9-4518-890E-16AE9D52C7D3}.Debug|x86.ActiveCfg = Debug|Any CPU
		{1F0075C7-EBD9-4518-890E-16AE9D52C7D3}.Debug|x86.Build.0 = Debug|Any CPU
		{1F0075C7-EBD9-4518-890E-16AE9D52C7D3}.Release|Any CPU.ActiveCfg = Release|Any CPU
		{1F0075C7-EBD9-4518-890E-16AE9D52C7D3}.Release|Any CPU.Build.0 = Release|Any CPU
		{1F0075C7-EBD9-4518-890E-16AE9D52C7D3}.Release|x64.ActiveCfg = Release|Any CPU
		{1F0075C7-EBD9-4518-890E-16AE9D52C7D3}.Release|x64.Build.0 = Release|Any CPU
		{1F0075C7-EBD9-4518-890E-16AE9D52C7D3}.Release|x86.ActiveCfg = Release|Any CPU
		{1F0075C7-EBD9-4518-890E-16AE9D52C7D3}.Release|x86.Build.0 = Release|Any CPU
		{4F145931-A608-404E-838B-A3A797EC8039}.Debug|Any CPU.ActiveCfg = Debug|Any CPU
		{4F145931-A608-404E-838B-A3A797EC8039}.Debug|Any CPU.Build.0 = Debug|Any CPU
		{4F145931-A608-404E-838B-A3A797EC8039}.Debug|x64.ActiveCfg = Debug|Any CPU
		{4F145931-A608-404E-838B-A3A797EC8039}.Debug|x64.Build.0 = Debug|Any CPU
		{4F145931-A608-404E-838B-A3A797EC8039}.Debug|x86.ActiveCfg = Debug|Any CPU
		{4F145931-A608-404E-838B-A3A797EC8039}.Debug|x86.Build.0 = Debug|Any CPU
		{4F145931-A608-404E-838B-A3A797EC8039}.Release|Any CPU.ActiveCfg = Release|Any CPU
		{4F145931-A608-404E-838B-A3A797EC8039}.Release|Any CPU.Build.0 = Release|Any CPU
		{4F145931-A608-404E-838B-A3A797EC8039}.Release|x64.ActiveCfg = Release|Any CPU
		{4F145931-A608-404E-838B-A3A797EC8039}.Release|x64.Build.0 = Release|Any CPU
		{4F145931-A608-404E-838B-A3A797EC8039}.Release|x86.ActiveCfg = Release|Any CPU
		{4F145931-A608-404E-838B-A3A797EC8039}.Release|x86.Build.0 = Release|Any CPU
		{2C2926E1-ADEB-4954-940D-2F4A57E11FAF}.Debug|Any CPU.ActiveCfg = Debug|Any CPU
		{2C2926E1-ADEB-4954-940D-2F4A57E11FAF}.Debug|Any CPU.Build.0 = Debug|Any CPU
		{2C2926E1-ADEB-4954-940D-2F4A57E11FAF}.Debug|x64.ActiveCfg = Debug|Any CPU
		{2C2926E1-ADEB-4954-940D-2F4A57E11FAF}.Debug|x64.Build.0 = Debug|Any CPU
		{2C2926E1-ADEB-4954-940D-2F4A57E11FAF}.Debug|x86.ActiveCfg = Debug|Any CPU
		{2C2926E1-ADEB-4954-940D-2F4A57E11FAF}.Debug|x86.Build.0 = Debug|Any CPU
		{2C2926E1-ADEB-4954-940D-2F4A57E11FAF}.Release|Any CPU.ActiveCfg = Release|Any CPU
		{2C2926E1-ADEB-4954-940D-2F4A57E11FAF}.Release|Any CPU.Build.0 = Release|Any CPU
		{2C2926E1-ADEB-4954-940D-2F4A57E11FAF}.Release|x64.ActiveCfg = Release|Any CPU
		{2C2926E1-ADEB-4954-940D-2F4A57E11FAF}.Release|x64.Build.0 = Release|Any CPU
		{2C2926E1-ADEB-4954-940D-2F4A57E11FAF}.Release|x86.ActiveCfg = Release|Any CPU
		{2C2926E1-ADEB-4954-940D-2F4A57E11FAF}.Release|x86.Build.0 = Release|Any CPU
		{FEAFE00B-6855-4CE1-80EE-D2B4D1631BE2}.Debug|Any CPU.ActiveCfg = Debug|Any CPU
		{FEAFE00B-6855-4CE1-80EE-D2B4D1631BE2}.Debug|Any CPU.Build.0 = Debug|Any CPU
		{FEAFE00B-6855-4CE1-80EE-D2B4D1631BE2}.Debug|x64.ActiveCfg = Debug|Any CPU
		{FEAFE00B-6855-4CE1-80EE-D2B4D1631BE2}.Debug|x64.Build.0 = Debug|Any CPU
		{FEAFE00B-6855-4CE1-80EE-D2B4D1631BE2}.Debug|x86.ActiveCfg = Debug|Any CPU
		{FEAFE00B-6855-4CE1-80EE-D2B4D1631BE2}.Debug|x86.Build.0 = Debug|Any CPU
		{FEAFE00B-6855-4CE1-80EE-D2B4D1631BE2}.Release|Any CPU.ActiveCfg = Release|Any CPU
		{FEAFE00B-6855-4CE1-80EE-D2B4D1631BE2}.Release|Any CPU.Build.0 = Release|Any CPU
		{FEAFE00B-6855-4CE1-80EE-D2B4D1631BE2}.Release|x64.ActiveCfg = Release|Any CPU
		{FEAFE00B-6855-4CE1-80EE-D2B4D1631BE2}.Release|x64.Build.0 = Release|Any CPU
		{FEAFE00B-6855-4CE1-80EE-D2B4D1631BE2}.Release|x86.ActiveCfg = Release|Any CPU
		{FEAFE00B-6855-4CE1-80EE-D2B4D1631BE2}.Release|x86.Build.0 = Release|Any CPU
		{1CC1B9FB-34B8-45B0-94E5-40840C1A488C}.Debug|Any CPU.ActiveCfg = Debug|Any CPU
		{1CC1B9FB-34B8-45B0-94E5-40840C1A488C}.Debug|Any CPU.Build.0 = Debug|Any CPU
		{1CC1B9FB-34B8-45B0-94E5-40840C1A488C}.Debug|x64.ActiveCfg = Debug|Any CPU
		{1CC1B9FB-34B8-45B0-94E5-40840C1A488C}.Debug|x64.Build.0 = Debug|Any CPU
		{1CC1B9FB-34B8-45B0-94E5-40840C1A488C}.Debug|x86.ActiveCfg = Debug|Any CPU
		{1CC1B9FB-34B8-45B0-94E5-40840C1A488C}.Debug|x86.Build.0 = Debug|Any CPU
		{1CC1B9FB-34B8-45B0-94E5-40840C1A488C}.Release|Any CPU.ActiveCfg = Release|Any CPU
		{1CC1B9FB-34B8-45B0-94E5-40840C1A488C}.Release|Any CPU.Build.0 = Release|Any CPU
		{1CC1B9FB-34B8-45B0-94E5-40840C1A488C}.Release|x64.ActiveCfg = Release|Any CPU
		{1CC1B9FB-34B8-45B0-94E5-40840C1A488C}.Release|x64.Build.0 = Release|Any CPU
		{1CC1B9FB-34B8-45B0-94E5-40840C1A488C}.Release|x86.ActiveCfg = Release|Any CPU
		{1CC1B9FB-34B8-45B0-94E5-40840C1A488C}.Release|x86.Build.0 = Release|Any CPU
	EndGlobalSection
	GlobalSection(SolutionProperties) = preSolution
		HideSolutionNode = FALSE
	EndGlobalSection
EndGlobal
